
Microsoft Visual Studio Solution File, Format Version 12.00
# Visual Studio Version 17
VisualStudioVersion = 17.7.34031.279
MinimumVisualStudioVersion = 10.0.40219.1
Project("{8BC9CEB8-8B4A-11D0-8D11-00A0C91BC942}") = "SC_Core", "ShitChat\ShitChat.vcxproj", "{B8CB732D-C286-4D43-BE9E-15A0B5D2EA3E}"
EndProject
Project("{9A19103F-16F7-4668-BE54-9A1E7A4F7556}") = "SC_App", "SC_App\SC_App.csproj", "{3238E8CE-E117-4619-B9FF-6FD33514B08C}"
	ProjectSection(ProjectDependencies) = postProject
		{B8CB732D-C286-4D43-BE9E-15A0B5D2EA3E} = {B8CB732D-C286-4D43-BE9E-15A0B5D2EA3E}
	EndProjectSection
EndProject
Project("{9A19103F-16F7-4668-BE54-9A1E7A4F7556}") = "SC_App.Desktop", "SC_App.Desktop\SC_App.Desktop.csproj", "{BD79F2F3-EAF7-44CE-B74D-1F0526C334B8}"
EndProject
Project("{9A19103F-16F7-4668-BE54-9A1E7A4F7556}") = "dbgapp", "dbgapp\dbgapp.csproj", "{9A114A58-9418-4578-879F-0F13ACD5D43F}"
EndProject
Global
	GlobalSection(SolutionConfigurationPlatforms) = preSolution
		Debug|Any CPU = Debug|Any CPU
		Debug|x64 = Debug|x64
		Debug|x86 = Debug|x86
		Release|Any CPU = Release|Any CPU
		Release|x64 = Release|x64
		Release|x86 = Release|x86
	EndGlobalSection
	GlobalSection(ProjectConfigurationPlatforms) = postSolution
		{B8CB732D-C286-4D43-BE9E-15A0B5D2EA3E}.Debug|Any CPU.ActiveCfg = Debug|x64
		{B8CB732D-C286-4D43-BE9E-15A0B5D2EA3E}.Debug|Any CPU.Build.0 = Debug|x64
		{B8CB732D-C286-4D43-BE9E-15A0B5D2EA3E}.Debug|x64.ActiveCfg = Debug|x64
		{B8CB732D-C286-4D43-BE9E-15A0B5D2EA3E}.Debug|x64.Build.0 = Debug|x64
		{B8CB732D-C286-4D43-BE9E-15A0B5D2EA3E}.Debug|x86.ActiveCfg = Debug|Win32
		{B8CB732D-C286-4D43-BE9E-15A0B5D2EA3E}.Debug|x86.Build.0 = Debug|Win32
		{B8CB732D-C286-4D43-BE9E-15A0B5D2EA3E}.Release|Any CPU.ActiveCfg = Release|x64
		{B8CB732D-C286-4D43-BE9E-15A0B5D2EA3E}.Release|Any CPU.Build.0 = Release|x64
		{B8CB732D-C286-4D43-BE9E-15A0B5D2EA3E}.Release|x64.ActiveCfg = Release|x64
		{B8CB732D-C286-4D43-BE9E-15A0B5D2EA3E}.Release|x64.Build.0 = Release|x64
		{B8CB732D-C286-4D43-BE9E-15A0B5D2EA3E}.Release|x86.ActiveCfg = Release|Win32
		{B8CB732D-C286-4D43-BE9E-15A0B5D2EA3E}.Release|x86.Build.0 = Release|Win32
		{3238E8CE-E117-4619-B9FF-6FD33514B08C}.Debug|Any CPU.ActiveCfg = Debug|Any CPU
		{3238E8CE-E117-4619-B9FF-6FD33514B08C}.Debug|Any CPU.Build.0 = Debug|Any CPU
		{3238E8CE-E117-4619-B9FF-6FD33514B08C}.Debug|x64.ActiveCfg = Debug|x64
		{3238E8CE-E117-4619-B9FF-6FD33514B08C}.Debug|x64.Build.0 = Debug|x64
		{3238E8CE-E117-4619-B9FF-6FD33514B08C}.Debug|x86.ActiveCfg = Debug|Any CPU
		{3238E8CE-E117-4619-B9FF-6FD33514B08C}.Debug|x86.Build.0 = Debug|Any CPU
		{3238E8CE-E117-4619-B9FF-6FD33514B08C}.Release|Any CPU.ActiveCfg = Release|Any CPU
		{3238E8CE-E117-4619-B9FF-6FD33514B08C}.Release|Any CPU.Build.0 = Release|Any CPU
		{3238E8CE-E117-4619-B9FF-6FD33514B08C}.Release|x64.ActiveCfg = Release|Any CPU
		{3238E8CE-E117-4619-B9FF-6FD33514B08C}.Release|x64.Build.0 = Release|Any CPU
		{3238E8CE-E117-4619-B9FF-6FD33514B08C}.Release|x86.ActiveCfg = Release|Any CPU
		{3238E8CE-E117-4619-B9FF-6FD33514B08C}.Release|x86.Build.0 = Release|Any CPU
		{BD79F2F3-EAF7-44CE-B74D-1F0526C334B8}.Debug|Any CPU.ActiveCfg = Debug|Any CPU
		{BD79F2F3-EAF7-44CE-B74D-1F0526C334B8}.Debug|Any CPU.Build.0 = Debug|Any CPU
		{BD79F2F3-EAF7-44CE-B74D-1F0526C334B8}.Debug|x64.ActiveCfg = Debug|x64
		{BD79F2F3-EAF7-44CE-B74D-1F0526C334B8}.Debug|x64.Build.0 = Debug|x64
		{BD79F2F3-EAF7-44CE-B74D-1F0526C334B8}.Debug|x86.ActiveCfg = Debug|Any CPU
		{BD79F2F3-EAF7-44CE-B74D-1F0526C334B8}.Debug|x86.Build.0 = Debug|Any CPU
		{BD79F2F3-EAF7-44CE-B74D-1F0526C334B8}.Release|Any CPU.ActiveCfg = Release|Any CPU
		{BD79F2F3-EAF7-44CE-B74D-1F0526C334B8}.Release|Any CPU.Build.0 = Release|Any CPU
		{BD79F2F3-EAF7-44CE-B74D-1F0526C334B8}.Release|x64.ActiveCfg = Release|Any CPU
		{BD79F2F3-EAF7-44CE-B74D-1F0526C334B8}.Release|x64.Build.0 = Release|Any CPU
		{BD79F2F3-EAF7-44CE-B74D-1F0526C334B8}.Release|x86.ActiveCfg = Release|Any CPU
		{BD79F2F3-EAF7-44CE-B74D-1F0526C334B8}.Release|x86.Build.0 = Release|Any CPU
		{9A114A58-9418-4578-879F-0F13ACD5D43F}.Debug|Any CPU.ActiveCfg = Debug|Any CPU
		{9A114A58-9418-4578-879F-0F13ACD5D43F}.Debug|Any CPU.Build.0 = Debug|Any CPU
		{9A114A58-9418-4578-879F-0F13ACD5D43F}.Debug|x64.ActiveCfg = Debug|x64
		{9A114A58-9418-4578-879F-0F13ACD5D43F}.Debug|x64.Build.0 = Debug|x64
		{9A114A58-9418-4578-879F-0F13ACD5D43F}.Debug|x86.ActiveCfg = Debug|Any CPU
		{9A114A58-9418-4578-879F-0F13ACD5D43F}.Debug|x86.Build.0 = Debug|Any CPU
		{9A114A58-9418-4578-879F-0F13ACD5D43F}.Release|Any CPU.ActiveCfg = Release|Any CPU
		{9A114A58-9418-4578-879F-0F13ACD5D43F}.Release|Any CPU.Build.0 = Release|Any CPU
		{9A114A58-9418-4578-879F-0F13ACD5D43F}.Release|x64.ActiveCfg = Release|Any CPU
		{9A114A58-9418-4578-879F-0F13ACD5D43F}.Release|x64.Build.0 = Release|Any CPU
		{9A114A58-9418-4578-879F-0F13ACD5D43F}.Release|x86.ActiveCfg = Release|Any CPU
		{9A114A58-9418-4578-879F-0F13ACD5D43F}.Release|x86.Build.0 = Release|Any CPU
	EndGlobalSection
	GlobalSection(SolutionProperties) = preSolution
		HideSolutionNode = FALSE
	EndGlobalSection
	GlobalSection(ExtensibilityGlobals) = postSolution
		SolutionGuid = {CD6A93BE-2F22-4DA7-9179-041BD339555B}
	EndGlobalSection
EndGlobal
