<?xml version="1.0" encoding="utf-8"?>
<Project ToolsVersion="4.0" xmlns="http://schemas.microsoft.com/developer/msbuild/2003">
  <ItemGroup>
    <Filter Include="Source Files">
      <UniqueIdentifier>{4FC737F1-C7A5-4376-A066-2A32D752A2FF}</UniqueIdentifier>
      <Extensions>cpp;c;cc;cxx;c++;cppm;ixx;def;odl;idl;hpj;bat;asm;asmx</Extensions>
    </Filter>
    <Filter Include="Header Files">
      <UniqueIdentifier>{93995380-89BD-4b04-88EB-625FBE52EBFB}</UniqueIdentifier>
      <Extensions>h;hh;hpp;hxx;h++;hm;inl;inc;ipp;xsd</Extensions>
    </Filter>
    <Filter Include="Resource Files">
      <UniqueIdentifier>{67DA6AB6-F800-4c08-8B7A-83BB121AAD01}</UniqueIdentifier>
      <Extensions>rc;ico;cur;bmp;dlg;rc2;rct;bin;rgs;gif;jpg;jpeg;jpe;resx;tiff;tif;png;wav;mfcribbon-ms</Extensions>
    </Filter>
  </ItemGroup>
  <ItemGroup>
    <ClCompile Include="src\Networking\Server\NetServer.cpp">
      <Filter>Source Files</Filter>
    </ClCompile>
    <ClCompile Include="src\Networking\ThirdParty\RakNet\_FindFirst.cpp">
      <Filter>Source Files</Filter>
    </ClCompile>
    <ClCompile Include="src\Networking\ThirdParty\RakNet\Base64Encoder.cpp">
      <Filter>Source Files</Filter>
    </ClCompile>
    <ClCompile Include="src\Networking\ThirdParty\RakNet\BitStream.cpp">
      <Filter>Source Files</Filter>
    </ClCompile>
    <ClCompile Include="src\Networking\ThirdParty\RakNet\CCRakNetSlidingWindow.cpp">
      <Filter>Source Files</Filter>
    </ClCompile>
    <ClCompile Include="src\Networking\ThirdParty\RakNet\CCRakNetUDT.cpp">
      <Filter>Source Files</Filter>
    </ClCompile>
    <ClCompile Include="src\Networking\ThirdParty\RakNet\CheckSum.cpp">
      <Filter>Source Files</Filter>
    </ClCompile>
    <ClCompile Include="src\Networking\ThirdParty\RakNet\CloudClient.cpp">
      <Filter>Source Files</Filter>
    </ClCompile>
    <ClCompile Include="src\Networking\ThirdParty\RakNet\CloudCommon.cpp">
      <Filter>Source Files</Filter>
    </ClCompile>
    <ClCompile Include="src\Networking\ThirdParty\RakNet\CloudServer.cpp">
      <Filter>Source Files</Filter>
    </ClCompile>
    <ClCompile Include="src\Networking\ThirdParty\RakNet\CommandParserInterface.cpp">
      <Filter>Source Files</Filter>
    </ClCompile>
    <ClCompile Include="src\Networking\ThirdParty\RakNet\ConnectionGraph2.cpp">
      <Filter>Source Files</Filter>
    </ClCompile>
    <ClCompile Include="src\Networking\ThirdParty\RakNet\ConsoleServer.cpp">
      <Filter>Source Files</Filter>
    </ClCompile>
    <ClCompile Include="src\Networking\ThirdParty\RakNet\DataCompressor.cpp">
      <Filter>Source Files</Filter>
    </ClCompile>
    <ClCompile Include="src\Networking\ThirdParty\RakNet\DirectoryDeltaTransfer.cpp">
      <Filter>Source Files</Filter>
    </ClCompile>
    <ClCompile Include="src\Networking\ThirdParty\RakNet\DS_BytePool.cpp">
      <Filter>Source Files</Filter>
    </ClCompile>
    <ClCompile Include="src\Networking\ThirdParty\RakNet\DS_ByteQueue.cpp">
      <Filter>Source Files</Filter>
    </ClCompile>
    <ClCompile Include="src\Networking\ThirdParty\RakNet\DS_HuffmanEncodingTree.cpp">
      <Filter>Source Files</Filter>
    </ClCompile>
    <ClCompile Include="src\Networking\ThirdParty\RakNet\DS_Table.cpp">
      <Filter>Source Files</Filter>
    </ClCompile>
    <ClCompile Include="src\Networking\ThirdParty\RakNet\DynDNS.cpp">
      <Filter>Source Files</Filter>
    </ClCompile>
    <ClCompile Include="src\Networking\ThirdParty\RakNet\EmailSender.cpp">
      <Filter>Source Files</Filter>
    </ClCompile>
    <ClCompile Include="src\Networking\ThirdParty\RakNet\EpochTimeToString.cpp">
      <Filter>Source Files</Filter>
    </ClCompile>
    <ClCompile Include="src\Networking\ThirdParty\RakNet\FileList.cpp">
      <Filter>Source Files</Filter>
    </ClCompile>
    <ClCompile Include="src\Networking\ThirdParty\RakNet\FileListTransfer.cpp">
      <Filter>Source Files</Filter>
    </ClCompile>
    <ClCompile Include="src\Networking\ThirdParty\RakNet\FileOperations.cpp">
      <Filter>Source Files</Filter>
    </ClCompile>
    <ClCompile Include="src\Networking\ThirdParty\RakNet\FormatString.cpp">
      <Filter>Source Files</Filter>
    </ClCompile>
    <ClCompile Include="src\Networking\ThirdParty\RakNet\FullyConnectedMesh2.cpp">
      <Filter>Source Files</Filter>
    </ClCompile>
    <ClCompile Include="src\Networking\ThirdParty\RakNet\Getche.cpp">
      <Filter>Source Files</Filter>
    </ClCompile>
    <ClCompile Include="src\Networking\ThirdParty\RakNet\Gets.cpp">
      <Filter>Source Files</Filter>
    </ClCompile>
    <ClCompile Include="src\Networking\ThirdParty\RakNet\GetTime.cpp">
      <Filter>Source Files</Filter>
    </ClCompile>
    <ClCompile Include="src\Networking\ThirdParty\RakNet\gettimeofday.cpp">
      <Filter>Source Files</Filter>
    </ClCompile>
    <ClCompile Include="src\Networking\ThirdParty\RakNet\GridSectorizer.cpp">
      <Filter>Source Files</Filter>
    </ClCompile>
    <ClCompile Include="src\Networking\ThirdParty\RakNet\HTTPConnection.cpp">
      <Filter>Source Files</Filter>
    </ClCompile>
    <ClCompile Include="src\Networking\ThirdParty\RakNet\HTTPConnection2.cpp">
      <Filter>Source Files</Filter>
    </ClCompile>
    <ClCompile Include="src\Networking\ThirdParty\RakNet\IncrementalReadInterface.cpp">
      <Filter>Source Files</Filter>
    </ClCompile>
    <ClCompile Include="src\Networking\ThirdParty\RakNet\Itoa.cpp">
      <Filter>Source Files</Filter>
    </ClCompile>
    <ClCompile Include="src\Networking\ThirdParty\RakNet\LinuxStrings.cpp">
      <Filter>Source Files</Filter>
    </ClCompile>
    <ClCompile Include="src\Networking\ThirdParty\RakNet\LocklessTypes.cpp">
      <Filter>Source Files</Filter>
    </ClCompile>
    <ClCompile Include="src\Networking\ThirdParty\RakNet\LogCommandParser.cpp">
      <Filter>Source Files</Filter>
    </ClCompile>
    <ClCompile Include="src\Networking\ThirdParty\RakNet\MessageFilter.cpp">
      <Filter>Source Files</Filter>
    </ClCompile>
    <ClCompile Include="src\Networking\ThirdParty\RakNet\NatPunchthroughClient.cpp">
      <Filter>Source Files</Filter>
    </ClCompile>
    <ClCompile Include="src\Networking\ThirdParty\RakNet\NatPunchthroughServer.cpp">
      <Filter>Source Files</Filter>
    </ClCompile>
    <ClCompile Include="src\Networking\ThirdParty\RakNet\NatTypeDetectionClient.cpp">
      <Filter>Source Files</Filter>
    </ClCompile>
    <ClCompile Include="src\Networking\ThirdParty\RakNet\NatTypeDetectionCommon.cpp">
      <Filter>Source Files</Filter>
    </ClCompile>
    <ClCompile Include="src\Networking\ThirdParty\RakNet\NatTypeDetectionServer.cpp">
      <Filter>Source Files</Filter>
    </ClCompile>
    <ClCompile Include="src\Networking\ThirdParty\RakNet\NetworkIDManager.cpp">
      <Filter>Source Files</Filter>
    </ClCompile>
    <ClCompile Include="src\Networking\ThirdParty\RakNet\NetworkIDObject.cpp">
      <Filter>Source Files</Filter>
    </ClCompile>
    <ClCompile Include="src\Networking\ThirdParty\RakNet\PacketConsoleLogger.cpp">
      <Filter>Source Files</Filter>
    </ClCompile>
    <ClCompile Include="src\Networking\ThirdParty\RakNet\PacketFileLogger.cpp">
      <Filter>Source Files</Filter>
    </ClCompile>
    <ClCompile Include="src\Networking\ThirdParty\RakNet\PacketizedTCP.cpp">
      <Filter>Source Files</Filter>
    </ClCompile>
    <ClCompile Include="src\Networking\ThirdParty\RakNet\PacketLogger.cpp">
      <Filter>Source Files</Filter>
    </ClCompile>
    <ClCompile Include="src\Networking\ThirdParty\RakNet\PacketOutputWindowLogger.cpp">
      <Filter>Source Files</Filter>
    </ClCompile>
    <ClCompile Include="src\Networking\ThirdParty\RakNet\PluginInterface2.cpp">
      <Filter>Source Files</Filter>
    </ClCompile>
    <ClCompile Include="src\Networking\ThirdParty\RakNet\PS4Includes.cpp">
      <Filter>Source Files</Filter>
    </ClCompile>
    <ClCompile Include="src\Networking\ThirdParty\RakNet\Rackspace.cpp">
      <Filter>Source Files</Filter>
    </ClCompile>
    <ClCompile Include="src\Networking\ThirdParty\RakNet\RakMemoryOverride.cpp">
      <Filter>Source Files</Filter>
    </ClCompile>
    <ClCompile Include="src\Networking\ThirdParty\RakNet\RakNetCommandParser.cpp">
      <Filter>Source Files</Filter>
    </ClCompile>
    <ClCompile Include="src\Networking\ThirdParty\RakNet\RakNetSocket.cpp">
      <Filter>Source Files</Filter>
    </ClCompile>
    <ClCompile Include="src\Networking\ThirdParty\RakNet\RakNetSocket2.cpp">
      <Filter>Source Files</Filter>
    </ClCompile>
    <ClCompile Include="src\Networking\ThirdParty\RakNet\RakNetSocket2_360_720.cpp">
      <Filter>Source Files</Filter>
    </ClCompile>
    <ClCompile Include="src\Networking\ThirdParty\RakNet\RakNetSocket2_Berkley.cpp">
      <Filter>Source Files</Filter>
    </ClCompile>
    <ClCompile Include="src\Networking\ThirdParty\RakNet\RakNetSocket2_Berkley_NativeClient.cpp">
      <Filter>Source Files</Filter>
    </ClCompile>
    <ClCompile Include="src\Networking\ThirdParty\RakNet\RakNetSocket2_NativeClient.cpp">
      <Filter>Source Files</Filter>
    </ClCompile>
    <ClCompile Include="src\Networking\ThirdParty\RakNet\RakNetSocket2_PS3_PS4.cpp">
      <Filter>Source Files</Filter>
    </ClCompile>
    <ClCompile Include="src\Networking\ThirdParty\RakNet\RakNetSocket2_PS4.cpp">
      <Filter>Source Files</Filter>
    </ClCompile>
    <ClCompile Include="src\Networking\ThirdParty\RakNet\RakNetSocket2_Vita.cpp">
      <Filter>Source Files</Filter>
    </ClCompile>
    <ClCompile Include="src\Networking\ThirdParty\RakNet\RakNetSocket2_Windows_Linux.cpp">
      <Filter>Source Files</Filter>
    </ClCompile>
    <ClCompile Include="src\Networking\ThirdParty\RakNet\RakNetSocket2_Windows_Linux_360.cpp">
      <Filter>Source Files</Filter>
    </ClCompile>
    <ClCompile Include="src\Networking\ThirdParty\RakNet\RakNetSocket2_WindowsStore8.cpp">
      <Filter>Source Files</Filter>
    </ClCompile>
    <ClCompile Include="src\Networking\ThirdParty\RakNet\RakNetStatistics.cpp">
      <Filter>Source Files</Filter>
    </ClCompile>
    <ClCompile Include="src\Networking\ThirdParty\RakNet\RakNetTransport2.cpp">
      <Filter>Source Files</Filter>
    </ClCompile>
    <ClCompile Include="src\Networking\ThirdParty\RakNet\RakNetTypes.cpp">
      <Filter>Source Files</Filter>
    </ClCompile>
    <ClCompile Include="src\Networking\ThirdParty\RakNet\RakPeer.cpp">
      <Filter>Source Files</Filter>
    </ClCompile>
    <ClCompile Include="src\Networking\ThirdParty\RakNet\RakSleep.cpp">
      <Filter>Source Files</Filter>
    </ClCompile>
    <ClCompile Include="src\Networking\ThirdParty\RakNet\RakString.cpp">
      <Filter>Source Files</Filter>
    </ClCompile>
    <ClCompile Include="src\Networking\ThirdParty\RakNet\RakThread.cpp">
      <Filter>Source Files</Filter>
    </ClCompile>
    <ClCompile Include="src\Networking\ThirdParty\RakNet\RakWString.cpp">
      <Filter>Source Files</Filter>
    </ClCompile>
    <ClCompile Include="src\Networking\ThirdParty\RakNet\Rand.cpp">
      <Filter>Source Files</Filter>
    </ClCompile>
    <ClCompile Include="src\Networking\ThirdParty\RakNet\RandSync.cpp">
      <Filter>Source Files</Filter>
    </ClCompile>
    <ClCompile Include="src\Networking\ThirdParty\RakNet\ReadyEvent.cpp">
      <Filter>Source Files</Filter>
    </ClCompile>
    <ClCompile Include="src\Networking\ThirdParty\RakNet\RelayPlugin.cpp">
      <Filter>Source Files</Filter>
    </ClCompile>
    <ClCompile Include="src\Networking\ThirdParty\RakNet\ReliabilityLayer.cpp">
      <Filter>Source Files</Filter>
    </ClCompile>
    <ClCompile Include="src\Networking\ThirdParty\RakNet\ReplicaManager3.cpp">
      <Filter>Source Files</Filter>
    </ClCompile>
    <ClCompile Include="src\Networking\ThirdParty\RakNet\Router2.cpp">
      <Filter>Source Files</Filter>
    </ClCompile>
    <ClCompile Include="src\Networking\ThirdParty\RakNet\RPC4Plugin.cpp">
      <Filter>Source Files</Filter>
    </ClCompile>
    <ClCompile Include="src\Networking\ThirdParty\RakNet\SecureHandshake.cpp">
      <Filter>Source Files</Filter>
    </ClCompile>
    <ClCompile Include="src\Networking\ThirdParty\RakNet\SendToThread.cpp">
      <Filter>Source Files</Filter>
    </ClCompile>
    <ClCompile Include="src\Networking\ThirdParty\RakNet\SignaledEvent.cpp">
      <Filter>Source Files</Filter>
    </ClCompile>
    <ClCompile Include="src\Networking\ThirdParty\RakNet\SimpleMutex.cpp">
      <Filter>Source Files</Filter>
    </ClCompile>
    <ClCompile Include="src\Networking\ThirdParty\RakNet\SocketLayer.cpp">
      <Filter>Source Files</Filter>
    </ClCompile>
    <ClCompile Include="src\Networking\ThirdParty\RakNet\StatisticsHistory.cpp">
      <Filter>Source Files</Filter>
    </ClCompile>
    <ClCompile Include="src\Networking\ThirdParty\RakNet\StringCompressor.cpp">
      <Filter>Source Files</Filter>
    </ClCompile>
    <ClCompile Include="src\Networking\ThirdParty\RakNet\StringTable.cpp">
      <Filter>Source Files</Filter>
    </ClCompile>
    <ClCompile Include="src\Networking\ThirdParty\RakNet\SuperFastHash.cpp">
      <Filter>Source Files</Filter>
    </ClCompile>
    <ClCompile Include="src\Networking\ThirdParty\RakNet\TableSerializer.cpp">
      <Filter>Source Files</Filter>
    </ClCompile>
    <ClCompile Include="src\Networking\ThirdParty\RakNet\TCPInterface.cpp">
      <Filter>Source Files</Filter>
    </ClCompile>
    <ClCompile Include="src\Networking\ThirdParty\RakNet\TeamBalancer.cpp">
      <Filter>Source Files</Filter>
    </ClCompile>
    <ClCompile Include="src\Networking\ThirdParty\RakNet\TeamManager.cpp">
      <Filter>Source Files</Filter>
    </ClCompile>
    <ClCompile Include="src\Networking\ThirdParty\RakNet\TelnetTransport.cpp">
      <Filter>Source Files</Filter>
    </ClCompile>
    <ClCompile Include="src\Networking\ThirdParty\RakNet\ThreadsafePacketLogger.cpp">
      <Filter>Source Files</Filter>
    </ClCompile>
    <ClCompile Include="src\Networking\ThirdParty\RakNet\TwoWayAuthentication.cpp">
      <Filter>Source Files</Filter>
    </ClCompile>
    <ClCompile Include="src\Networking\ThirdParty\RakNet\UDPForwarder.cpp">
      <Filter>Source Files</Filter>
    </ClCompile>
    <ClCompile Include="src\Networking\ThirdParty\RakNet\UDPProxyClient.cpp">
      <Filter>Source Files</Filter>
    </ClCompile>
    <ClCompile Include="src\Networking\ThirdParty\RakNet\UDPProxyCoordinator.cpp">
      <Filter>Source Files</Filter>
    </ClCompile>
    <ClCompile Include="src\Networking\ThirdParty\RakNet\UDPProxyServer.cpp">
      <Filter>Source Files</Filter>
    </ClCompile>
    <ClCompile Include="src\Networking\ThirdParty\RakNet\VariableDeltaSerializer.cpp">
      <Filter>Source Files</Filter>
    </ClCompile>
    <ClCompile Include="src\Networking\ThirdParty\RakNet\VariableListDeltaTracker.cpp">
      <Filter>Source Files</Filter>
    </ClCompile>
    <ClCompile Include="src\Networking\ThirdParty\RakNet\VariadicSQLParser.cpp">
      <Filter>Source Files</Filter>
    </ClCompile>
    <ClCompile Include="src\Networking\ThirdParty\RakNet\VitaIncludes.cpp">
      <Filter>Source Files</Filter>
    </ClCompile>
    <ClCompile Include="src\Networking\ThirdParty\RakNet\WSAStartupSingleton.cpp">
      <Filter>Source Files</Filter>
    </ClCompile>
    <ClCompile Include="src\Networking\ThirdParty\RakNet\DR_SHA1.cpp">
      <Filter>Source Files</Filter>
    </ClCompile>
    <ClCompile Include="src\Networking\Client\NetClient.cpp">
      <Filter>Source Files</Filter>
    </ClCompile>
  </ItemGroup>
  <ItemGroup>
    <ClInclude Include="src\Networking\Server\NetServer.h">
      <Filter>Header Files</Filter>
    </ClInclude>
    <ClInclude Include="src\Networking\ThirdParty\RakNet\_FindFirst.h">
      <Filter>Header Files</Filter>
    </ClInclude>
    <ClInclude Include="src\Networking\ThirdParty\RakNet\AutopatcherPatchContext.h">
      <Filter>Header Files</Filter>
    </ClInclude>
    <ClInclude Include="src\Networking\ThirdParty\RakNet\AutopatcherRepositoryInterface.h">
      <Filter>Header Files</Filter>
    </ClInclude>
    <ClInclude Include="src\Networking\ThirdParty\RakNet\Base64Encoder.h">
      <Filter>Header Files</Filter>
    </ClInclude>
    <ClInclude Include="src\Networking\ThirdParty\RakNet\BitStream.h">
      <Filter>Header Files</Filter>
    </ClInclude>
    <ClInclude Include="src\Networking\ThirdParty\RakNet\CCRakNetSlidingWindow.h">
      <Filter>Header Files</Filter>
    </ClInclude>
    <ClInclude Include="src\Networking\ThirdParty\RakNet\CCRakNetUDT.h">
      <Filter>Header Files</Filter>
    </ClInclude>
    <ClInclude Include="src\Networking\ThirdParty\RakNet\CheckSum.h">
      <Filter>Header Files</Filter>
    </ClInclude>
    <ClInclude Include="src\Networking\ThirdParty\RakNet\CloudClient.h">
      <Filter>Header Files</Filter>
    </ClInclude>
    <ClInclude Include="src\Networking\ThirdParty\RakNet\CloudCommon.h">
      <Filter>Header Files</Filter>
    </ClInclude>
    <ClInclude Include="src\Networking\ThirdParty\RakNet\CloudServer.h">
      <Filter>Header Files</Filter>
    </ClInclude>
    <ClInclude Include="src\Networking\ThirdParty\RakNet\CommandParserInterface.h">
      <Filter>Header Files</Filter>
    </ClInclude>
    <ClInclude Include="src\Networking\ThirdParty\RakNet\ConnectionGraph2.h">
      <Filter>Header Files</Filter>
    </ClInclude>
    <ClInclude Include="src\Networking\ThirdParty\RakNet\ConsoleServer.h">
      <Filter>Header Files</Filter>
    </ClInclude>
    <ClInclude Include="src\Networking\ThirdParty\RakNet\DataCompressor.h">
      <Filter>Header Files</Filter>
    </ClInclude>
    <ClInclude Include="src\Networking\ThirdParty\RakNet\DirectoryDeltaTransfer.h">
      <Filter>Header Files</Filter>
    </ClInclude>
    <ClInclude Include="src\Networking\ThirdParty\RakNet\DS_BinarySearchTree.h">
      <Filter>Header Files</Filter>
    </ClInclude>
    <ClInclude Include="src\Networking\ThirdParty\RakNet\DS_BPlusTree.h">
      <Filter>Header Files</Filter>
    </ClInclude>
    <ClInclude Include="src\Networking\ThirdParty\RakNet\DS_BytePool.h">
      <Filter>Header Files</Filter>
    </ClInclude>
    <ClInclude Include="src\Networking\ThirdParty\RakNet\DS_ByteQueue.h">
      <Filter>Header Files</Filter>
    </ClInclude>
    <ClInclude Include="src\Networking\ThirdParty\RakNet\DS_Hash.h">
      <Filter>Header Files</Filter>
    </ClInclude>
    <ClInclude Include="src\Networking\ThirdParty\RakNet\DS_Heap.h">
      <Filter>Header Files</Filter>
    </ClInclude>
    <ClInclude Include="src\Networking\ThirdParty\RakNet\DS_HuffmanEncodingTree.h">
      <Filter>Header Files</Filter>
    </ClInclude>
    <ClInclude Include="src\Networking\ThirdParty\RakNet\DS_HuffmanEncodingTreeFactory.h">
      <Filter>Header Files</Filter>
    </ClInclude>
    <ClInclude Include="src\Networking\ThirdParty\RakNet\DS_HuffmanEncodingTreeNode.h">
      <Filter>Header Files</Filter>
    </ClInclude>
    <ClInclude Include="src\Networking\ThirdParty\RakNet\DS_LinkedList.h">
      <Filter>Header Files</Filter>
    </ClInclude>
    <ClInclude Include="src\Networking\ThirdParty\RakNet\DS_List.h">
      <Filter>Header Files</Filter>
    </ClInclude>
    <ClInclude Include="src\Networking\ThirdParty\RakNet\DS_Map.h">
      <Filter>Header Files</Filter>
    </ClInclude>
    <ClInclude Include="src\Networking\ThirdParty\RakNet\DS_MemoryPool.h">
      <Filter>Header Files</Filter>
    </ClInclude>
    <ClInclude Include="src\Networking\ThirdParty\RakNet\DS_Multilist.h">
      <Filter>Header Files</Filter>
    </ClInclude>
    <ClInclude Include="src\Networking\ThirdParty\RakNet\DS_OrderedChannelHeap.h">
      <Filter>Header Files</Filter>
    </ClInclude>
    <ClInclude Include="src\Networking\ThirdParty\RakNet\DS_OrderedList.h">
      <Filter>Header Files</Filter>
    </ClInclude>
    <ClInclude Include="src\Networking\ThirdParty\RakNet\DS_Queue.h">
      <Filter>Header Files</Filter>
    </ClInclude>
    <ClInclude Include="src\Networking\ThirdParty\RakNet\DS_QueueLinkedList.h">
      <Filter>Header Files</Filter>
    </ClInclude>
    <ClInclude Include="src\Networking\ThirdParty\RakNet\DS_RangeList.h">
      <Filter>Header Files</Filter>
    </ClInclude>
    <ClInclude Include="src\Networking\ThirdParty\RakNet\DS_Table.h">
      <Filter>Header Files</Filter>
    </ClInclude>
    <ClInclude Include="src\Networking\ThirdParty\RakNet\DS_ThreadsafeAllocatingQueue.h">
      <Filter>Header Files</Filter>
    </ClInclude>
    <ClInclude Include="src\Networking\ThirdParty\RakNet\DS_Tree.h">
      <Filter>Header Files</Filter>
    </ClInclude>
    <ClInclude Include="src\Networking\ThirdParty\RakNet\DS_WeightedGraph.h">
      <Filter>Header Files</Filter>
    </ClInclude>
    <ClInclude Include="src\Networking\ThirdParty\RakNet\DynDNS.h">
      <Filter>Header Files</Filter>
    </ClInclude>
    <ClInclude Include="src\Networking\ThirdParty\RakNet\EmailSender.h">
      <Filter>Header Files</Filter>
    </ClInclude>
    <ClInclude Include="src\Networking\ThirdParty\RakNet\EmptyHeader.h">
      <Filter>Header Files</Filter>
    </ClInclude>
    <ClInclude Include="src\Networking\ThirdParty\RakNet\EpochTimeToString.h">
      <Filter>Header Files</Filter>
    </ClInclude>
    <ClInclude Include="src\Networking\ThirdParty\RakNet\Export.h">
      <Filter>Header Files</Filter>
    </ClInclude>
    <ClInclude Include="src\Networking\ThirdParty\RakNet\FileList.h">
      <Filter>Header Files</Filter>
    </ClInclude>
    <ClInclude Include="src\Networking\ThirdParty\RakNet\FileListNodeContext.h">
      <Filter>Header Files</Filter>
    </ClInclude>
    <ClInclude Include="src\Networking\ThirdParty\RakNet\FileListTransfer.h">
      <Filter>Header Files</Filter>
    </ClInclude>
    <ClInclude Include="src\Networking\ThirdParty\RakNet\FileListTransferCBInterface.h">
      <Filter>Header Files</Filter>
    </ClInclude>
    <ClInclude Include="src\Networking\ThirdParty\RakNet\FileOperations.h">
      <Filter>Header Files</Filter>
    </ClInclude>
    <ClInclude Include="src\Networking\ThirdParty\RakNet\FormatString.h">
      <Filter>Header Files</Filter>
    </ClInclude>
    <ClInclude Include="src\Networking\ThirdParty\RakNet\FullyConnectedMesh2.h">
      <Filter>Header Files</Filter>
    </ClInclude>
    <ClInclude Include="src\Networking\ThirdParty\RakNet\Getche.h">
      <Filter>Header Files</Filter>
    </ClInclude>
    <ClInclude Include="src\Networking\ThirdParty\RakNet\Gets.h">
      <Filter>Header Files</Filter>
    </ClInclude>
    <ClInclude Include="src\Networking\ThirdParty\RakNet\GetTime.h">
      <Filter>Header Files</Filter>
    </ClInclude>
    <ClInclude Include="src\Networking\ThirdParty\RakNet\gettimeofday.h">
      <Filter>Header Files</Filter>
    </ClInclude>
    <ClInclude Include="src\Networking\ThirdParty\RakNet\GridSectorizer.h">
      <Filter>Header Files</Filter>
    </ClInclude>
    <ClInclude Include="src\Networking\ThirdParty\RakNet\HTTPConnection.h">
      <Filter>Header Files</Filter>
    </ClInclude>
    <ClInclude Include="src\Networking\ThirdParty\RakNet\HTTPConnection2.h">
      <Filter>Header Files</Filter>
    </ClInclude>
    <ClInclude Include="src\Networking\ThirdParty\RakNet\IncrementalReadInterface.h">
      <Filter>Header Files</Filter>
    </ClInclude>
    <ClInclude Include="src\Networking\ThirdParty\RakNet\InternalPacket.h">
      <Filter>Header Files</Filter>
    </ClInclude>
    <ClInclude Include="src\Networking\ThirdParty\RakNet\Itoa.h">
      <Filter>Header Files</Filter>
    </ClInclude>
    <ClInclude Include="src\Networking\ThirdParty\RakNet\Kbhit.h">
      <Filter>Header Files</Filter>
    </ClInclude>
    <ClInclude Include="src\Networking\ThirdParty\RakNet\LinuxStrings.h">
      <Filter>Header Files</Filter>
    </ClInclude>
    <ClInclude Include="src\Networking\ThirdParty\RakNet\LocklessTypes.h">
      <Filter>Header Files</Filter>
    </ClInclude>
    <ClInclude Include="src\Networking\ThirdParty\RakNet\LogCommandParser.h">
      <Filter>Header Files</Filter>
    </ClInclude>
    <ClInclude Include="src\Networking\ThirdParty\RakNet\MessageFilter.h">
      <Filter>Header Files</Filter>
    </ClInclude>
    <ClInclude Include="src\Networking\ThirdParty\RakNet\MessageIdentifiers.h">
      <Filter>Header Files</Filter>
    </ClInclude>
    <ClInclude Include="src\Networking\ThirdParty\RakNet\MTUSize.h">
      <Filter>Header Files</Filter>
    </ClInclude>
    <ClInclude Include="src\Networking\ThirdParty\RakNet\NativeFeatureIncludes.h">
      <Filter>Header Files</Filter>
    </ClInclude>
    <ClInclude Include="src\Networking\ThirdParty\RakNet\NativeFeatureIncludesOverrides.h">
      <Filter>Header Files</Filter>
    </ClInclude>
    <ClInclude Include="src\Networking\ThirdParty\RakNet\NativeTypes.h">
      <Filter>Header Files</Filter>
    </ClInclude>
    <ClInclude Include="src\Networking\ThirdParty\RakNet\NatPunchthroughClient.h">
      <Filter>Header Files</Filter>
    </ClInclude>
    <ClInclude Include="src\Networking\ThirdParty\RakNet\NatPunchthroughServer.h">
      <Filter>Header Files</Filter>
    </ClInclude>
    <ClInclude Include="src\Networking\ThirdParty\RakNet\NatTypeDetectionClient.h">
      <Filter>Header Files</Filter>
    </ClInclude>
    <ClInclude Include="src\Networking\ThirdParty\RakNet\NatTypeDetectionCommon.h">
      <Filter>Header Files</Filter>
    </ClInclude>
    <ClInclude Include="src\Networking\ThirdParty\RakNet\NatTypeDetectionServer.h">
      <Filter>Header Files</Filter>
    </ClInclude>
    <ClInclude Include="src\Networking\ThirdParty\RakNet\NetworkIDManager.h">
      <Filter>Header Files</Filter>
    </ClInclude>
    <ClInclude Include="src\Networking\ThirdParty\RakNet\NetworkIDObject.h">
      <Filter>Header Files</Filter>
    </ClInclude>
    <ClInclude Include="src\Networking\ThirdParty\RakNet\PacketConsoleLogger.h">
      <Filter>Header Files</Filter>
    </ClInclude>
    <ClInclude Include="src\Networking\ThirdParty\RakNet\PacketFileLogger.h">
      <Filter>Header Files</Filter>
    </ClInclude>
    <ClInclude Include="src\Networking\ThirdParty\RakNet\PacketizedTCP.h">
      <Filter>Header Files</Filter>
    </ClInclude>
    <ClInclude Include="src\Networking\ThirdParty\RakNet\PacketLogger.h">
      <Filter>Header Files</Filter>
    </ClInclude>
    <ClInclude Include="src\Networking\ThirdParty\RakNet\PacketOutputWindowLogger.h">
      <Filter>Header Files</Filter>
    </ClInclude>
    <ClInclude Include="src\Networking\ThirdParty\RakNet\PacketPool.h">
      <Filter>Header Files</Filter>
    </ClInclude>
    <ClInclude Include="src\Networking\ThirdParty\RakNet\PacketPriority.h">
      <Filter>Header Files</Filter>
    </ClInclude>
    <ClInclude Include="src\Networking\ThirdParty\RakNet\PluginInterface2.h">
      <Filter>Header Files</Filter>
    </ClInclude>
    <ClInclude Include="src\Networking\ThirdParty\RakNet\PS3Includes.h">
      <Filter>Header Files</Filter>
    </ClInclude>
    <ClInclude Include="src\Networking\ThirdParty\RakNet\PS4Includes.h">
      <Filter>Header Files</Filter>
    </ClInclude>
    <ClInclude Include="src\Networking\ThirdParty\RakNet\Rackspace.h">
      <Filter>Header Files</Filter>
    </ClInclude>
    <ClInclude Include="src\Networking\ThirdParty\RakNet\RakAlloca.h">
      <Filter>Header Files</Filter>
    </ClInclude>
    <ClInclude Include="src\Networking\ThirdParty\RakNet\RakAssert.h">
      <Filter>Header Files</Filter>
    </ClInclude>
    <ClInclude Include="src\Networking\ThirdParty\RakNet\RakMemoryOverride.h">
      <Filter>Header Files</Filter>
    </ClInclude>
    <ClInclude Include="src\Networking\ThirdParty\RakNet\RakNetCommandParser.h">
      <Filter>Header Files</Filter>
    </ClInclude>
    <ClInclude Include="src\Networking\ThirdParty\RakNet\RakNetDefines.h">
      <Filter>Header Files</Filter>
    </ClInclude>
    <ClInclude Include="src\Networking\ThirdParty\RakNet\RakNetDefinesOverrides.h">
      <Filter>Header Files</Filter>
    </ClInclude>
    <ClInclude Include="src\Networking\ThirdParty\RakNet\RakNetSmartPtr.h">
      <Filter>Header Files</Filter>
    </ClInclude>
    <ClInclude Include="src\Networking\ThirdParty\RakNet\RakNetSocket.h">
      <Filter>Header Files</Filter>
    </ClInclude>
    <ClInclude Include="src\Networking\ThirdParty\RakNet\RakNetSocket2.h">
      <Filter>Header Files</Filter>
    </ClInclude>
    <ClInclude Include="src\Networking\ThirdParty\RakNet\RakNetStatistics.h">
      <Filter>Header Files</Filter>
    </ClInclude>
    <ClInclude Include="src\Networking\ThirdParty\RakNet\RakNetTime.h">
      <Filter>Header Files</Filter>
    </ClInclude>
    <ClInclude Include="src\Networking\ThirdParty\RakNet\RakNetTransport2.h">
      <Filter>Header Files</Filter>
    </ClInclude>
    <ClInclude Include="src\Networking\ThirdParty\RakNet\RakNetVersion.h">
      <Filter>Header Files</Filter>
    </ClInclude>
    <ClInclude Include="src\Networking\ThirdParty\RakNet\RakNetTypes.h">
      <Filter>Header Files</Filter>
    </ClInclude>
    <ClInclude Include="src\Networking\ThirdParty\RakNet\RakPeer.h">
      <Filter>Header Files</Filter>
    </ClInclude>
    <ClInclude Include="src\Networking\ThirdParty\RakNet\RakPeerInterface.h">
      <Filter>Header Files</Filter>
    </ClInclude>
    <ClInclude Include="src\Networking\ThirdParty\RakNet\RakSleep.h">
      <Filter>Header Files</Filter>
    </ClInclude>
    <ClInclude Include="src\Networking\ThirdParty\RakNet\RakString.h">
      <Filter>Header Files</Filter>
    </ClInclude>
    <ClInclude Include="src\Networking\ThirdParty\RakNet\RakThread.h">
      <Filter>Header Files</Filter>
    </ClInclude>
    <ClInclude Include="src\Networking\ThirdParty\RakNet\RakWString.h">
      <Filter>Header Files</Filter>
    </ClInclude>
    <ClInclude Include="src\Networking\ThirdParty\RakNet\Rand.h">
      <Filter>Header Files</Filter>
    </ClInclude>
    <ClInclude Include="src\Networking\ThirdParty\RakNet\RandSync.h">
      <Filter>Header Files</Filter>
    </ClInclude>
    <ClInclude Include="src\Networking\ThirdParty\RakNet\ReadyEvent.h">
      <Filter>Header Files</Filter>
    </ClInclude>
    <ClInclude Include="src\Networking\ThirdParty\RakNet\RefCountedObj.h">
      <Filter>Header Files</Filter>
    </ClInclude>
    <ClInclude Include="src\Networking\ThirdParty\RakNet\RelayPlugin.h">
      <Filter>Header Files</Filter>
    </ClInclude>
    <ClInclude Include="src\Networking\ThirdParty\RakNet\ReliabilityLayer.h">
      <Filter>Header Files</Filter>
    </ClInclude>
    <ClInclude Include="src\Networking\ThirdParty\RakNet\ReplicaEnums.h">
      <Filter>Header Files</Filter>
    </ClInclude>
    <ClInclude Include="src\Networking\ThirdParty\RakNet\ReplicaManager3.h">
      <Filter>Header Files</Filter>
    </ClInclude>
    <ClInclude Include="src\Networking\ThirdParty\RakNet\Router2.h">
      <Filter>Header Files</Filter>
    </ClInclude>
    <ClInclude Include="src\Networking\ThirdParty\RakNet\RPC4Plugin.h">
      <Filter>Header Files</Filter>
    </ClInclude>
    <ClInclude Include="src\Networking\ThirdParty\RakNet\SecureHandshake.h">
      <Filter>Header Files</Filter>
    </ClInclude>
    <ClInclude Include="src\Networking\ThirdParty\RakNet\SendToThread.h">
      <Filter>Header Files</Filter>
    </ClInclude>
    <ClInclude Include="src\Networking\ThirdParty\RakNet\SignaledEvent.h">
      <Filter>Header Files</Filter>
    </ClInclude>
    <ClInclude Include="src\Networking\ThirdParty\RakNet\SimpleMutex.h">
      <Filter>Header Files</Filter>
    </ClInclude>
    <ClInclude Include="src\Networking\ThirdParty\RakNet\SimpleTCPServer.h">
      <Filter>Header Files</Filter>
    </ClInclude>
    <ClInclude Include="src\Networking\ThirdParty\RakNet\SingleProducerConsumer.h">
      <Filter>Header Files</Filter>
    </ClInclude>
    <ClInclude Include="src\Networking\ThirdParty\RakNet\SocketDefines.h">
      <Filter>Header Files</Filter>
    </ClInclude>
    <ClInclude Include="src\Networking\ThirdParty\RakNet\SocketIncludes.h">
      <Filter>Header Files</Filter>
    </ClInclude>
    <ClInclude Include="src\Networking\ThirdParty\RakNet\SocketLayer.h">
      <Filter>Header Files</Filter>
    </ClInclude>
    <ClInclude Include="src\Networking\ThirdParty\RakNet\StatisticsHistory.h">
      <Filter>Header Files</Filter>
    </ClInclude>
    <ClInclude Include="src\Networking\ThirdParty\RakNet\StringCompressor.h">
      <Filter>Header Files</Filter>
    </ClInclude>
    <ClInclude Include="src\Networking\ThirdParty\RakNet\StringTable.h">
      <Filter>Header Files</Filter>
    </ClInclude>
    <ClInclude Include="src\Networking\ThirdParty\RakNet\SuperFastHash.h">
      <Filter>Header Files</Filter>
    </ClInclude>
    <ClInclude Include="src\Networking\ThirdParty\RakNet\TableSerializer.h">
      <Filter>Header Files</Filter>
    </ClInclude>
    <ClInclude Include="src\Networking\ThirdParty\RakNet\TCPInterface.h">
      <Filter>Header Files</Filter>
    </ClInclude>
    <ClInclude Include="src\Networking\ThirdParty\RakNet\TeamBalancer.h">
      <Filter>Header Files</Filter>
    </ClInclude>
    <ClInclude Include="src\Networking\ThirdParty\RakNet\TeamManager.h">
      <Filter>Header Files</Filter>
    </ClInclude>
    <ClInclude Include="src\Networking\ThirdParty\RakNet\TelnetTransport.h">
      <Filter>Header Files</Filter>
    </ClInclude>
    <ClInclude Include="src\Networking\ThirdParty\RakNet\ThreadPool.h">
      <Filter>Header Files</Filter>
    </ClInclude>
    <ClInclude Include="src\Networking\ThirdParty\RakNet\ThreadsafePacketLogger.h">
      <Filter>Header Files</Filter>
    </ClInclude>
    <ClInclude Include="src\Networking\ThirdParty\RakNet\TransportInterface.h">
      <Filter>Header Files</Filter>
    </ClInclude>
    <ClInclude Include="src\Networking\ThirdParty\RakNet\TwoWayAuthentication.h">
      <Filter>Header Files</Filter>
    </ClInclude>
    <ClInclude Include="src\Networking\ThirdParty\RakNet\UDPForwarder.h">
      <Filter>Header Files</Filter>
    </ClInclude>
    <ClInclude Include="src\Networking\ThirdParty\RakNet\UDPProxyClient.h">
      <Filter>Header Files</Filter>
    </ClInclude>
    <ClInclude Include="src\Networking\ThirdParty\RakNet\UDPProxyCommon.h">
      <Filter>Header Files</Filter>
    </ClInclude>
    <ClInclude Include="src\Networking\ThirdParty\RakNet\UDPProxyCoordinator.h">
      <Filter>Header Files</Filter>
    </ClInclude>
    <ClInclude Include="src\Networking\ThirdParty\RakNet\UDPProxyServer.h">
      <Filter>Header Files</Filter>
    </ClInclude>
    <ClInclude Include="src\Networking\ThirdParty\RakNet\VariableDeltaSerializer.h">
      <Filter>Header Files</Filter>
    </ClInclude>
    <ClInclude Include="src\Networking\ThirdParty\RakNet\VariableListDeltaTracker.h">
      <Filter>Header Files</Filter>
    </ClInclude>
    <ClInclude Include="src\Networking\ThirdParty\RakNet\VariadicSQLParser.h">
      <Filter>Header Files</Filter>
    </ClInclude>
    <ClInclude Include="src\Networking\ThirdParty\RakNet\VitaIncludes.h">
      <Filter>Header Files</Filter>
    </ClInclude>
    <ClInclude Include="src\Networking\ThirdParty\RakNet\WindowsIncludes.h">
      <Filter>Header Files</Filter>
    </ClInclude>
    <ClInclude Include="src\Networking\ThirdParty\RakNet\WSAStartupSingleton.h">
      <Filter>Header Files</Filter>
    </ClInclude>
    <ClInclude Include="src\Networking\ThirdParty\RakNet\XBox360Includes.h">
      <Filter>Header Files</Filter>
    </ClInclude>
    <ClInclude Include="src\Base.h">
      <Filter>Header Files</Filter>
    </ClInclude>
    <ClInclude Include="src\Networking\ThirdParty\RakNet\DR_SHA1.h">
      <Filter>Header Files</Filter>
    </ClInclude>
    <ClInclude Include="src\Networking\Client\NetClient.h">
      <Filter>Header Files</Filter>
    </ClInclude>
    <ClInclude Include="src\Networking\Common\PacketIdentifiers.h">
      <Filter>Header Files</Filter>
    </ClInclude>
    <ClInclude Include="src\Networking\Common\Utils.h">
      <Filter>Header Files</Filter>
    </ClInclude>
  </ItemGroup>
</Project>